// !$*UTF8*$!
{
	archiveVersion = 1;
	classes = {
	};
	objectVersion = 46;
	objects = {

/* Begin PBXBuildFile section */
		8FD401A01DAAA5D700FD3388 /* AppiconProcessor.swift in Sources */ = {isa = PBXBuildFile; fileRef = 8FD401971DAAA5D700FD3388 /* AppiconProcessor.swift */; };
		8FD401A11DAAA5D700FD3388 /* FileManagerExtension.swift in Sources */ = {isa = PBXBuildFile; fileRef = 8FD401981DAAA5D700FD3388 /* FileManagerExtension.swift */; };
		8FD401A21DAAA5D700FD3388 /* IconCaption.swift in Sources */ = {isa = PBXBuildFile; fileRef = 8FD4019A1DAAA5D700FD3388 /* IconCaption.swift */; };
		8FD401A31DAAA5D700FD3388 /* IconProcessing.swift in Sources */ = {isa = PBXBuildFile; fileRef = 8FD4019B1DAAA5D700FD3388 /* IconProcessing.swift */; };
		8FD401A41DAAA5D700FD3388 /* main.swift in Sources */ = {isa = PBXBuildFile; fileRef = 8FD4019C1DAAA5D700FD3388 /* main.swift */; };
		8FD401A51DAAA5D700FD3388 /* NSColorExtension.swift in Sources */ = {isa = PBXBuildFile; fileRef = 8FD4019D1DAAA5D700FD3388 /* NSColorExtension.swift */; };
		8FD401A61DAAA5D700FD3388 /* NSImageExtension.swift in Sources */ = {isa = PBXBuildFile; fileRef = 8FD4019E1DAAA5D700FD3388 /* NSImageExtension.swift */; };
		8FD401A71DAAA5D700FD3388 /* Utils.swift in Sources */ = {isa = PBXBuildFile; fileRef = 8FD4019F1DAAA5D700FD3388 /* Utils.swift */; };
/* End PBXBuildFile section */

/* Begin PBXCopyFilesBuildPhase section */
		8FCAB0F01DA8F65100C32726 /* CopyFiles */ = {
			isa = PBXCopyFilesBuildPhase;
			buildActionMask = 2147483647;
			dstPath = /usr/share/man/man1/;
			dstSubfolderSpec = 0;
			files = (
			);
			runOnlyForDeploymentPostprocessing = 1;
		};
/* End PBXCopyFilesBuildPhase section */

/* Begin PBXFileReference section */
		8FCAB0F21DA8F65100C32726 /* appicon */ = {isa = PBXFileReference; explicitFileType = "compiled.mach-o.executable"; includeInIndex = 0; path = appicon; sourceTree = BUILT_PRODUCTS_DIR; };
		8FD401971DAAA5D700FD3388 /* AppiconProcessor.swift */ = {isa = PBXFileReference; fileEncoding = 4; lastKnownFileType = sourcecode.swift; path = AppiconProcessor.swift; sourceTree = "<group>"; };
		8FD401981DAAA5D700FD3388 /* FileManagerExtension.swift */ = {isa = PBXFileReference; fileEncoding = 4; lastKnownFileType = sourcecode.swift; path = FileManagerExtension.swift; sourceTree = "<group>"; };
		8FD4019A1DAAA5D700FD3388 /* IconCaption.swift */ = {isa = PBXFileReference; fileEncoding = 4; lastKnownFileType = sourcecode.swift; path = IconCaption.swift; sourceTree = "<group>"; };
		8FD4019B1DAAA5D700FD3388 /* IconProcessing.swift */ = {isa = PBXFileReference; fileEncoding = 4; lastKnownFileType = sourcecode.swift; path = IconProcessing.swift; sourceTree = "<group>"; };
		8FD4019C1DAAA5D700FD3388 /* main.swift */ = {isa = PBXFileReference; fileEncoding = 4; lastKnownFileType = sourcecode.swift; path = main.swift; sourceTree = "<group>"; };
		8FD4019D1DAAA5D700FD3388 /* NSColorExtension.swift */ = {isa = PBXFileReference; fileEncoding = 4; lastKnownFileType = sourcecode.swift; path = NSColorExtension.swift; sourceTree = "<group>"; };
		8FD4019E1DAAA5D700FD3388 /* NSImageExtension.swift */ = {isa = PBXFileReference; fileEncoding = 4; lastKnownFileType = sourcecode.swift; path = NSImageExtension.swift; sourceTree = "<group>"; };
		8FD4019F1DAAA5D700FD3388 /* Utils.swift */ = {isa = PBXFileReference; fileEncoding = 4; lastKnownFileType = sourcecode.swift; path = Utils.swift; sourceTree = "<group>"; };
/* End PBXFileReference section */

/* Begin PBXFrameworksBuildPhase section */
		8FCAB0EF1DA8F65100C32726 /* Frameworks */ = {
			isa = PBXFrameworksBuildPhase;
			buildActionMask = 2147483647;
			files = (
			);
			runOnlyForDeploymentPostprocessing = 0;
		};
/* End PBXFrameworksBuildPhase section */

/* Begin PBXGroup section */
		8FCAB0E91DA8F65100C32726 = {
			isa = PBXGroup;
			children = (
				8FD401961DAAA5D700FD3388 /* AppiconTool */,
				8FCAB0F31DA8F65100C32726 /* Products */,
			);
			sourceTree = "<group>";
		};
		8FCAB0F31DA8F65100C32726 /* Products */ = {
			isa = PBXGroup;
			children = (
				8FCAB0F21DA8F65100C32726 /* appicon */,
			);
			name = Products;
			sourceTree = "<group>";
		};
		8FD401961DAAA5D700FD3388 /* AppiconTool */ = {
			isa = PBXGroup;
			children = (
				8FD401991DAAA5D700FD3388 /* IconProcessors */,
				8FD401971DAAA5D700FD3388 /* AppiconProcessor.swift */,
				8FD401981DAAA5D700FD3388 /* FileManagerExtension.swift */,
				8FD4019C1DAAA5D700FD3388 /* main.swift */,
				8FD4019D1DAAA5D700FD3388 /* NSColorExtension.swift */,
				8FD4019E1DAAA5D700FD3388 /* NSImageExtension.swift */,
				8FD4019F1DAAA5D700FD3388 /* Utils.swift */,
			);
			path = AppiconTool;
			sourceTree = "<group>";
		};
		8FD401991DAAA5D700FD3388 /* IconProcessors */ = {
			isa = PBXGroup;
			children = (
				8FD4019A1DAAA5D700FD3388 /* IconCaption.swift */,
				8FD4019B1DAAA5D700FD3388 /* IconProcessing.swift */,
			);
			path = IconProcessors;
			sourceTree = "<group>";
		};
/* End PBXGroup section */

/* Begin PBXNativeTarget section */
		8FCAB0F11DA8F65100C32726 /* AppiconText */ = {
			isa = PBXNativeTarget;
			buildConfigurationList = 8FCAB0F91DA8F65100C32726 /* Build configuration list for PBXNativeTarget "AppiconText" */;
			buildPhases = (
				8FCAB0EE1DA8F65100C32726 /* Sources */,
				8FCAB0EF1DA8F65100C32726 /* Frameworks */,
				8FCAB0F01DA8F65100C32726 /* CopyFiles */,
			);
			buildRules = (
			);
			dependencies = (
			);
			name = AppiconText;
			productName = AppiconText;
			productReference = 8FCAB0F21DA8F65100C32726 /* appicon */;
			productType = "com.apple.product-type.tool";
		};
/* End PBXNativeTarget section */

/* Begin PBXProject section */
		8FCAB0EA1DA8F65100C32726 /* Project object */ = {
			isa = PBXProject;
			attributes = {
				LastSwiftUpdateCheck = 0800;
				LastUpgradeCheck = 0800;
				ORGANIZATIONNAME = "Evgeniy Yurtaev";
				TargetAttributes = {
					8FCAB0F11DA8F65100C32726 = {
						CreatedOnToolsVersion = 8.0;
						ProvisioningStyle = Automatic;
					};
				};
			};
			buildConfigurationList = 8FCAB0ED1DA8F65100C32726 /* Build configuration list for PBXProject "AppiconTool" */;
			compatibilityVersion = "Xcode 3.2";
			developmentRegion = English;
			hasScannedForEncodings = 0;
			knownRegions = (
				en,
			);
			mainGroup = 8FCAB0E91DA8F65100C32726;
			productRefGroup = 8FCAB0F31DA8F65100C32726 /* Products */;
			projectDirPath = "";
			projectRoot = "";
			targets = (
				8FCAB0F11DA8F65100C32726 /* AppiconText */,
			);
		};
/* End PBXProject section */

/* Begin PBXSourcesBuildPhase section */
		8FCAB0EE1DA8F65100C32726 /* Sources */ = {
			isa = PBXSourcesBuildPhase;
			buildActionMask = 2147483647;
			files = (
				8FD401A21DAAA5D700FD3388 /* IconCaption.swift in Sources */,
				8FD401A41DAAA5D700FD3388 /* main.swift in Sources */,
				8FD401A51DAAA5D700FD3388 /* NSColorExtension.swift in Sources */,
				8FD401A61DAAA5D700FD3388 /* NSImageExtension.swift in Sources */,
				8FD401A31DAAA5D700FD3388 /* IconProcessing.swift in Sources */,
				8FD401A01DAAA5D700FD3388 /* AppiconProcessor.swift in Sources */,
				8FD401A11DAAA5D700FD3388 /* FileManagerExtension.swift in Sources */,
				8FD401A71DAAA5D700FD3388 /* Utils.swift in Sources */,
			);
			runOnlyForDeploymentPostprocessing = 0;
		};
/* End PBXSourcesBuildPhase section */

/* Begin XCBuildConfiguration section */
		8FCAB0F71DA8F65100C32726 /* Debug */ = {
			isa = XCBuildConfiguration;
			buildSettings = {
				ALWAYS_SEARCH_USER_PATHS = NO;
				CLANG_ANALYZER_NONNULL = YES;
				CLANG_CXX_LANGUAGE_STANDARD = "gnu++0x";
				CLANG_CXX_LIBRARY = "libc++";
				CLANG_ENABLE_MODULES = YES;
				CLANG_ENABLE_OBJC_ARC = YES;
				CLANG_WARN_BOOL_CONVERSION = YES;
				CLANG_WARN_CONSTANT_CONVERSION = YES;
				CLANG_WARN_DIRECT_OBJC_ISA_USAGE = YES_ERROR;
				CLANG_WARN_DOCUMENTATION_COMMENTS = YES;
				CLANG_WARN_EMPTY_BODY = YES;
				CLANG_WARN_ENUM_CONVERSION = YES;
				CLANG_WARN_INFINITE_RECURSION = YES;
				CLANG_WARN_INT_CONVERSION = YES;
				CLANG_WARN_OBJC_ROOT_CLASS = YES_ERROR;
				CLANG_WARN_SUSPICIOUS_MOVES = YES;
				CLANG_WARN_UNREACHABLE_CODE = YES;
				CLANG_WARN__DUPLICATE_METHOD_MATCH = YES;
				CODE_SIGN_IDENTITY = "-";
				COPY_PHASE_STRIP = NO;
				DEBUG_INFORMATION_FORMAT = dwarf;
				ENABLE_STRICT_OBJC_MSGSEND = YES;
				ENABLE_TESTABILITY = YES;
				GCC_C_LANGUAGE_STANDARD = gnu99;
				GCC_DYNAMIC_NO_PIC = NO;
				GCC_NO_COMMON_BLOCKS = YES;
				GCC_OPTIMIZATION_LEVEL = 0;
				GCC_PREPROCESSOR_DEFINITIONS = (
					"DEBUG=1",
					"$(inherited)",
				);
				GCC_WARN_64_TO_32_BIT_CONVERSION = YES;
				GCC_WARN_ABOUT_RETURN_TYPE = YES_ERROR;
				GCC_WARN_UNDECLARED_SELECTOR = YES;
				GCC_WARN_UNINITIALIZED_AUTOS = YES_AGGRESSIVE;
				GCC_WARN_UNUSED_FUNCTION = YES;
				GCC_WARN_UNUSED_VARIABLE = YES;
				MACOSX_DEPLOYMENT_TARGET = 10.12;
				MTL_ENABLE_DEBUG_INFO = YES;
				ONLY_ACTIVE_ARCH = YES;
				SDKROOT = macosx;
				SWIFT_OPTIMIZATION_LEVEL = "-Onone";
			};
			name = Debug;
		};
		8FCAB0F81DA8F65100C32726 /* Release */ = {
			isa = XCBuildConfiguration;
			buildSettings = {
				ALWAYS_SEARCH_USER_PATHS = NO;
				CLANG_ANALYZER_NONNULL = YES;
				CLANG_CXX_LANGUAGE_STANDARD = "gnu++0x";
				CLANG_CXX_LIBRARY = "libc++";
				CLANG_ENABLE_MODULES = YES;
				CLANG_ENABLE_OBJC_ARC = YES;
				CLANG_WARN_BOOL_CONVERSION = YES;
				CLANG_WARN_CONSTANT_CONVERSION = YES;
				CLANG_WARN_DIRECT_OBJC_ISA_USAGE = YES_ERROR;
				CLANG_WARN_DOCUMENTATION_COMMENTS = YES;
				CLANG_WARN_EMPTY_BODY = YES;
				CLANG_WARN_ENUM_CONVERSION = YES;
				CLANG_WARN_INFINITE_RECURSION = YES;
				CLANG_WARN_INT_CONVERSION = YES;
				CLANG_WARN_OBJC_ROOT_CLASS = YES_ERROR;
				CLANG_WARN_SUSPICIOUS_MOVES = YES;
				CLANG_WARN_UNREACHABLE_CODE = YES;
				CLANG_WARN__DUPLICATE_METHOD_MATCH = YES;
				CODE_SIGN_IDENTITY = "-";
				COPY_PHASE_STRIP = NO;
				DEBUG_INFORMATION_FORMAT = "dwarf-with-dsym";
				ENABLE_NS_ASSERTIONS = NO;
				ENABLE_STRICT_OBJC_MSGSEND = YES;
				GCC_C_LANGUAGE_STANDARD = gnu99;
				GCC_NO_COMMON_BLOCKS = YES;
				GCC_WARN_64_TO_32_BIT_CONVERSION = YES;
				GCC_WARN_ABOUT_RETURN_TYPE = YES_ERROR;
				GCC_WARN_UNDECLARED_SELECTOR = YES;
				GCC_WARN_UNINITIALIZED_AUTOS = YES_AGGRESSIVE;
				GCC_WARN_UNUSED_FUNCTION = YES;
				GCC_WARN_UNUSED_VARIABLE = YES;
				MACOSX_DEPLOYMENT_TARGET = 10.12;
				MTL_ENABLE_DEBUG_INFO = NO;
				SDKROOT = macosx;
			};
			name = Release;
		};
		8FCAB0FA1DA8F65100C32726 /* Debug */ = {
			isa = XCBuildConfiguration;
			buildSettings = {
				PRODUCT_NAME = appicon;
				SWIFT_VERSION = 3.0;
			};
			name = Debug;
		};
		8FCAB0FB1DA8F65100C32726 /* Release */ = {
			isa = XCBuildConfiguration;
			buildSettings = {
				PRODUCT_NAME = appicon;
				SWIFT_VERSION = 3.0;
			};
			name = Release;
		};
/* End XCBuildConfiguration section */

/* Begin XCConfigurationList section */
		8FCAB0ED1DA8F65100C32726 /* Build configuration list for PBXProject "AppiconTool" */ = {
			isa = XCConfigurationList;
			buildConfigurations = (
				8FCAB0F71DA8F65100C32726 /* Debug */,
				8FCAB0F81DA8F65100C32726 /* Release */,
			);
			defaultConfigurationIsVisible = 0;
			defaultConfigurationName = Release;
		};
		8FCAB0F91DA8F65100C32726 /* Build configuration list for PBXNativeTarget "AppiconText" */ = {
			isa = XCConfigurationList;
			buildConfigurations = (
				8FCAB0FA1DA8F65100C32726 /* Debug */,
				8FCAB0FB1DA8F65100C32726 /* Release */,
			);
			defaultConfigurationIsVisible = 0;
			defaultConfigurationName = Release;
		};
/* End XCConfigurationList section */
	};
	rootObject = 8FCAB0EA1DA8F65100C32726 /* Project object */;
}
